
Microsoft Visual Studio Solution File, Format Version 12.00
# Visual Studio Version 17
VisualStudioVersion = 17.9.34607.119
MinimumVisualStudioVersion = 10.0.40219.1
Project("{FAE04EC0-301F-11D3-BF4B-00C04F79EFBC}") = "SqlApp", "SqlApp\SqlApp.csproj", "{39F40834-C48E-4E22-B195-8C9F5791D5EA}"
EndProject
Global
	GlobalSection(SolutionConfigurationPlatforms) = preSolution
		Debug|Any CPU = Debug|Any CPU
		Release|Any CPU = Release|Any CPU
	EndGlobalSection
	GlobalSection(ProjectConfigurationPlatforms) = postSolution
		{39F40834-C48E-4E22-B195-8C9F5791D5EA}.Debug|Any CPU.ActiveCfg = Debug|Any CPU
		{39F40834-C48E-4E22-B195-8C9F5791D5EA}.Debug|Any CPU.Build.0 = Debug|Any CPU
		{39F40834-C48E-4E22-B195-8C9F5791D5EA}.Release|Any CPU.ActiveCfg = Release|Any CPU
		{39F40834-C48E-4E22-B195-8C9F5791D5EA}.Release|Any CPU.Build.0 = Release|Any CPU
	EndGlobalSection
	GlobalSection(SolutionProperties) = preSolution
		HideSolutionNode = FALSE
	EndGlobalSection
	GlobalSection(ExtensibilityGlobals) = postSolution
		SolutionGuid = {77A4EF4D-7156-4D8E-A61A-DB9F3B2128A4}
	EndGlobalSection
EndGlobal
